
Microsoft Visual Studio Solution File, Format Version 12.00
# Visual Studio Version 17
VisualStudioVersion = 17.9.34723.18
MinimumVisualStudioVersion = 10.0.40219.1
Project("{FAE04EC0-301F-11D3-BF4B-00C04F79EFBC}") = "EMedicineBackEnd", "EMedicineBackEnd\EMedicineBackEnd.csproj", "{BCEF9F65-1ED5-45A8-9283-6EADEA0CF8DF}"
EndProject
Global
	GlobalSection(SolutionConfigurationPlatforms) = preSolution
		Debug|Any CPU = Debug|Any CPU
		Release|Any CPU = Release|Any CPU
	EndGlobalSection
	GlobalSection(ProjectConfigurationPlatforms) = postSolution
		{BCEF9F65-1ED5-45A8-9283-6EADEA0CF8DF}.Debug|Any CPU.ActiveCfg = Debug|Any CPU
		{BCEF9F65-1ED5-45A8-9283-6EADEA0CF8DF}.Debug|Any CPU.Build.0 = Debug|Any CPU
		{BCEF9F65-1ED5-45A8-9283-6EADEA0CF8DF}.Release|Any CPU.ActiveCfg = Release|Any CPU
		{BCEF9F65-1ED5-45A8-9283-6EADEA0CF8DF}.Release|Any CPU.Build.0 = Release|Any CPU
	EndGlobalSection
	GlobalSection(SolutionProperties) = preSolution
		HideSolutionNode = FALSE
	EndGlobalSection
	GlobalSection(ExtensibilityGlobals) = postSolution
		SolutionGuid = {08C54A98-F357-4323-8FD4-1B4F76F8AFA0}
	EndGlobalSection
EndGlobal
